
Microsoft Visual Studio Solution File, Format Version 12.00
# Visual Studio Version 17
VisualStudioVersion = 17.0.32014.148
MinimumVisualStudioVersion = 10.0.40219.1
Project("{9A19103F-16F7-4668-BE54-9A1E7A4F7556}") = "FObjectPool", "FObjectPool\FObjectPool.csproj", "{8E368CD2-2615-4138-9B7E-2D748C43D271}"
EndProject
Project("{FAE04EC0-301F-11D3-BF4B-00C04F79EFBC}") = "FObjectPoolTests", "FObjectPoolTests\FObjectPoolTests.csproj", "{04FC49D7-85E6-43C5-AA18-D4F8624FDAFB}"
EndProject
Global
	GlobalSection(SolutionConfigurationPlatforms) = preSolution
		Debug|Any CPU = Debug|Any CPU
		Release|Any CPU = Release|Any CPU
	EndGlobalSection
	GlobalSection(ProjectConfigurationPlatforms) = postSolution
		{8E368CD2-2615-4138-9B7E-2D748C43D271}.Debug|Any CPU.ActiveCfg = Debug|Any CPU
		{8E368CD2-2615-4138-9B7E-2D748C43D271}.Debug|Any CPU.Build.0 = Debug|Any CPU
		{8E368CD2-2615-4138-9B7E-2D748C43D271}.Release|Any CPU.ActiveCfg = Release|Any CPU
		{8E368CD2-2615-4138-9B7E-2D748C43D271}.Release|Any CPU.Build.0 = Release|Any CPU
		{04FC49D7-85E6-43C5-AA18-D4F8624FDAFB}.Debug|Any CPU.ActiveCfg = Debug|Any CPU
		{04FC49D7-85E6-43C5-AA18-D4F8624FDAFB}.Debug|Any CPU.Build.0 = Debug|Any CPU
		{04FC49D7-85E6-43C5-AA18-D4F8624FDAFB}.Release|Any CPU.ActiveCfg = Release|Any CPU
		{04FC49D7-85E6-43C5-AA18-D4F8624FDAFB}.Release|Any CPU.Build.0 = Release|Any CPU
	EndGlobalSection
	GlobalSection(SolutionProperties) = preSolution
		HideSolutionNode = FALSE
	EndGlobalSection
	GlobalSection(ExtensibilityGlobals) = postSolution
		SolutionGuid = {05ED3C5E-7009-4542-B25A-2A412CFD0092}
	EndGlobalSection
EndGlobal
